
Microsoft Visual Studio Solution File, Format Version 12.00
# Visual Studio 15
VisualStudioVersion = 15.0.28307.271
MinimumVisualStudioVersion = 10.0.40219.1
Project("{FAE04EC0-301F-11D3-BF4B-00C04F79EFBC}") = "QuickSort", "QuickSort\QuickSort.csproj", "{F890086C-A524-4B1C-900A-27ED423039F9}"
EndProject
Project("{FAE04EC0-301F-11D3-BF4B-00C04F79EFBC}") = "BinarySearch", "BinarySearch\BinarySearch.csproj", "{A3F84ECB-3583-440E-9257-BA77C30A077B}"
EndProject
Project("{FAE04EC0-301F-11D3-BF4B-00C04F79EFBC}") = "SelectionSort", "SelectionSort\SelectionSort.csproj", "{DFEB27BA-3ADD-4924-A3FF-DF2614C5BE6B}"
EndProject
Project("{FAE04EC0-301F-11D3-BF4B-00C04F79EFBC}") = "InsertSort", "InsertSort\InsertSort.csproj", "{76047ADB-E1F7-4BE2-AA55-DAAA38F5EA25}"
EndProject
Project("{FAE04EC0-301F-11D3-BF4B-00C04F79EFBC}") = "MergeSort", "MergeSort\MergeSort.csproj", "{EBF67C33-2FFE-441E-9F21-F641DCF1B86E}"
EndProject
Project("{FAE04EC0-301F-11D3-BF4B-00C04F79EFBC}") = "CountingSort", "CountingSort\CountingSort.csproj", "{5D87B55F-68A6-4A6B-B235-E674BC1F80F6}"
EndProject
Project("{FAE04EC0-301F-11D3-BF4B-00C04F79EFBC}") = "RadixSort", "RadixSort\RadixSort.csproj", "{1A7FA663-F5E6-4A2C-8A9B-8CBAF6F299AD}"
EndProject
Project("{2150E333-8FDC-42A3-9474-1A3956D46DE8}") = "LinearList", "LinearList", "{B16563C4-101C-4E33-AE19-02CEA0CF7C90}"
EndProject
Project("{2150E333-8FDC-42A3-9474-1A3956D46DE8}") = "Tree", "Tree", "{39BD950F-C9BB-4CBF-AC91-593C223ABC8E}"
EndProject
Project("{2150E333-8FDC-42A3-9474-1A3956D46DE8}") = "Graph", "Graph", "{00552525-826A-4610-B0F4-C846F4AC1B3A}"
EndProject
Project("{FAE04EC0-301F-11D3-BF4B-00C04F79EFBC}") = "HeapSort", "HeapSort\HeapSort.csproj", "{61FAF300-22B5-409D-8D45-FB5875155DB7}"
EndProject
Project("{FAE04EC0-301F-11D3-BF4B-00C04F79EFBC}") = "BitreeTraversal", "BitreeTraversal\BitreeTraversal.csproj", "{C97ADC42-B8DC-49C4-BC98-ABC135E17F38}"
EndProject
Project("{FAE04EC0-301F-11D3-BF4B-00C04F79EFBC}") = "TopologicalSort", "TopologicalSort\TopologicalSort.csproj", "{FC1F8F0C-C25A-404F-9955-7145093342C0}"
EndProject
Project("{FAE04EC0-301F-11D3-BF4B-00C04F79EFBC}") = "Dijkstra", "Dijkstra\Dijkstra.csproj", "{640C9EAC-884B-496F-951A-D5BCD500E21D}"
EndProject
Project("{2150E333-8FDC-42A3-9474-1A3956D46DE8}") = "Others", "Others", "{4AAFE8F6-FE3F-4F57-8E4C-0F8FDB2B8582}"
EndProject
Project("{FAE04EC0-301F-11D3-BF4B-00C04F79EFBC}") = "Hash", "Hash\Hash.csproj", "{86509170-DB1D-4CD9-A4A1-F7EEBE7CF66A}"
EndProject
Project("{FAE04EC0-301F-11D3-BF4B-00C04F79EFBC}") = "KMP", "KMP\KMP.csproj", "{391C1901-B9EB-4452-A89C-B7D4D41914CD}"
EndProject
Project("{FAE04EC0-301F-11D3-BF4B-00C04F79EFBC}") = "DeepFirstSearch", "DeepFirstSearch\DeepFirstSearch.csproj", "{B2AA89B5-A40F-4A52-A7DD-DE2FB75573F3}"
EndProject
Project("{FAE04EC0-301F-11D3-BF4B-00C04F79EFBC}") = "BreadthFirstSearch", "BreadthFirstSearch\BreadthFirstSearch.csproj", "{334D9F23-DFEA-4440-9548-483739F3C3A7}"
EndProject
Project("{FAE04EC0-301F-11D3-BF4B-00C04F79EFBC}") = "SearchTree", "SearchTree\SearchTree.csproj", "{836C6D7D-6050-4F43-B871-751A9E66FB4C}"
EndProject
Project("{FAE04EC0-301F-11D3-BF4B-00C04F79EFBC}") = "BinaryTreeWithLevelPointer", "BinaryTreeWithLevelPointer\BinaryTreeWithLevelPointer.csproj", "{D7B40FBC-0921-4C47-8231-180FAA49ECB0}"
EndProject
Project("{FAE04EC0-301F-11D3-BF4B-00C04F79EFBC}") = "FindSubSets", "FindSubSets\FindSubSets.csproj", "{8EA3E7D8-E7D5-4247-8074-839942C08EF7}"
EndProject
Project("{2150E333-8FDC-42A3-9474-1A3956D46DE8}") = "DynamicProgramming", "DynamicProgramming", "{9617CCC8-64DE-495E-9D04-D19ECE97F771}"
EndProject
Project("{FAE04EC0-301F-11D3-BF4B-00C04F79EFBC}") = "Medic", "Medic\Medic.csproj", "{8669A110-EBDD-46F1-BB0C-AF4120299451}"
EndProject
Project("{FAE04EC0-301F-11D3-BF4B-00C04F79EFBC}") = "NumberTriangle", "NumberTriangle\NumberTriangle.csproj", "{484934FE-8672-4E66-8E99-4D296F49A040}"
EndProject
Project("{FAE04EC0-301F-11D3-BF4B-00C04F79EFBC}") = "Budget", "Budget\Budget.csproj", "{AF6AB81C-86C6-4F52-9581-A336D1C8D194}"
EndProject
Global
	GlobalSection(SolutionConfigurationPlatforms) = preSolution
		Debug|Any CPU = Debug|Any CPU
		Release|Any CPU = Release|Any CPU
	EndGlobalSection
	GlobalSection(ProjectConfigurationPlatforms) = postSolution
		{F890086C-A524-4B1C-900A-27ED423039F9}.Debug|Any CPU.ActiveCfg = Debug|Any CPU
		{F890086C-A524-4B1C-900A-27ED423039F9}.Debug|Any CPU.Build.0 = Debug|Any CPU
		{F890086C-A524-4B1C-900A-27ED423039F9}.Release|Any CPU.ActiveCfg = Release|Any CPU
		{F890086C-A524-4B1C-900A-27ED423039F9}.Release|Any CPU.Build.0 = Release|Any CPU
		{A3F84ECB-3583-440E-9257-BA77C30A077B}.Debug|Any CPU.ActiveCfg = Debug|Any CPU
		{A3F84ECB-3583-440E-9257-BA77C30A077B}.Debug|Any CPU.Build.0 = Debug|Any CPU
		{A3F84ECB-3583-440E-9257-BA77C30A077B}.Release|Any CPU.ActiveCfg = Release|Any CPU
		{A3F84ECB-3583-440E-9257-BA77C30A077B}.Release|Any CPU.Build.0 = Release|Any CPU
		{DFEB27BA-3ADD-4924-A3FF-DF2614C5BE6B}.Debug|Any CPU.ActiveCfg = Debug|Any CPU
		{DFEB27BA-3ADD-4924-A3FF-DF2614C5BE6B}.Debug|Any CPU.Build.0 = Debug|Any CPU
		{DFEB27BA-3ADD-4924-A3FF-DF2614C5BE6B}.Release|Any CPU.ActiveCfg = Release|Any CPU
		{DFEB27BA-3ADD-4924-A3FF-DF2614C5BE6B}.Release|Any CPU.Build.0 = Release|Any CPU
		{76047ADB-E1F7-4BE2-AA55-DAAA38F5EA25}.Debug|Any CPU.ActiveCfg = Debug|Any CPU
		{76047ADB-E1F7-4BE2-AA55-DAAA38F5EA25}.Debug|Any CPU.Build.0 = Debug|Any CPU
		{76047ADB-E1F7-4BE2-AA55-DAAA38F5EA25}.Release|Any CPU.ActiveCfg = Release|Any CPU
		{76047ADB-E1F7-4BE2-AA55-DAAA38F5EA25}.Release|Any CPU.Build.0 = Release|Any CPU
		{EBF67C33-2FFE-441E-9F21-F641DCF1B86E}.Debug|Any CPU.ActiveCfg = Debug|Any CPU
		{EBF67C33-2FFE-441E-9F21-F641DCF1B86E}.Debug|Any CPU.Build.0 = Debug|Any CPU
		{EBF67C33-2FFE-441E-9F21-F641DCF1B86E}.Release|Any CPU.ActiveCfg = Release|Any CPU
		{EBF67C33-2FFE-441E-9F21-F641DCF1B86E}.Release|Any CPU.Build.0 = Release|Any CPU
		{5D87B55F-68A6-4A6B-B235-E674BC1F80F6}.Debug|Any CPU.ActiveCfg = Debug|Any CPU
		{5D87B55F-68A6-4A6B-B235-E674BC1F80F6}.Debug|Any CPU.Build.0 = Debug|Any CPU
		{5D87B55F-68A6-4A6B-B235-E674BC1F80F6}.Release|Any CPU.ActiveCfg = Release|Any CPU
		{5D87B55F-68A6-4A6B-B235-E674BC1F80F6}.Release|Any CPU.Build.0 = Release|Any CPU
		{1A7FA663-F5E6-4A2C-8A9B-8CBAF6F299AD}.Debug|Any CPU.ActiveCfg = Debug|Any CPU
		{1A7FA663-F5E6-4A2C-8A9B-8CBAF6F299AD}.Debug|Any CPU.Build.0 = Debug|Any CPU
		{1A7FA663-F5E6-4A2C-8A9B-8CBAF6F299AD}.Release|Any CPU.ActiveCfg = Release|Any CPU
		{1A7FA663-F5E6-4A2C-8A9B-8CBAF6F299AD}.Release|Any CPU.Build.0 = Release|Any CPU
		{61FAF300-22B5-409D-8D45-FB5875155DB7}.Debug|Any CPU.ActiveCfg = Debug|Any CPU
		{61FAF300-22B5-409D-8D45-FB5875155DB7}.Debug|Any CPU.Build.0 = Debug|Any CPU
		{61FAF300-22B5-409D-8D45-FB5875155DB7}.Release|Any CPU.ActiveCfg = Release|Any CPU
		{61FAF300-22B5-409D-8D45-FB5875155DB7}.Release|Any CPU.Build.0 = Release|Any CPU
		{C97ADC42-B8DC-49C4-BC98-ABC135E17F38}.Debug|Any CPU.ActiveCfg = Debug|Any CPU
		{C97ADC42-B8DC-49C4-BC98-ABC135E17F38}.Debug|Any CPU.Build.0 = Debug|Any CPU
		{C97ADC42-B8DC-49C4-BC98-ABC135E17F38}.Release|Any CPU.ActiveCfg = Release|Any CPU
		{C97ADC42-B8DC-49C4-BC98-ABC135E17F38}.Release|Any CPU.Build.0 = Release|Any CPU
		{FC1F8F0C-C25A-404F-9955-7145093342C0}.Debug|Any CPU.ActiveCfg = Debug|Any CPU
		{FC1F8F0C-C25A-404F-9955-7145093342C0}.Debug|Any CPU.Build.0 = Debug|Any CPU
		{FC1F8F0C-C25A-404F-9955-7145093342C0}.Release|Any CPU.ActiveCfg = Release|Any CPU
		{FC1F8F0C-C25A-404F-9955-7145093342C0}.Release|Any CPU.Build.0 = Release|Any CPU
		{640C9EAC-884B-496F-951A-D5BCD500E21D}.Debug|Any CPU.ActiveCfg = Debug|Any CPU
		{640C9EAC-884B-496F-951A-D5BCD500E21D}.Debug|Any CPU.Build.0 = Debug|Any CPU
		{640C9EAC-884B-496F-951A-D5BCD500E21D}.Release|Any CPU.ActiveCfg = Release|Any CPU
		{640C9EAC-884B-496F-951A-D5BCD500E21D}.Release|Any CPU.Build.0 = Release|Any CPU
		{86509170-DB1D-4CD9-A4A1-F7EEBE7CF66A}.Debug|Any CPU.ActiveCfg = Debug|Any CPU
		{86509170-DB1D-4CD9-A4A1-F7EEBE7CF66A}.Debug|Any CPU.Build.0 = Debug|Any CPU
		{86509170-DB1D-4CD9-A4A1-F7EEBE7CF66A}.Release|Any CPU.ActiveCfg = Release|Any CPU
		{86509170-DB1D-4CD9-A4A1-F7EEBE7CF66A}.Release|Any CPU.Build.0 = Release|Any CPU
		{391C1901-B9EB-4452-A89C-B7D4D41914CD}.Debug|Any CPU.ActiveCfg = Debug|Any CPU
		{391C1901-B9EB-4452-A89C-B7D4D41914CD}.Debug|Any CPU.Build.0 = Debug|Any CPU
		{391C1901-B9EB-4452-A89C-B7D4D41914CD}.Release|Any CPU.ActiveCfg = Release|Any CPU
		{391C1901-B9EB-4452-A89C-B7D4D41914CD}.Release|Any CPU.Build.0 = Release|Any CPU
		{B2AA89B5-A40F-4A52-A7DD-DE2FB75573F3}.Debug|Any CPU.ActiveCfg = Debug|Any CPU
		{B2AA89B5-A40F-4A52-A7DD-DE2FB75573F3}.Debug|Any CPU.Build.0 = Debug|Any CPU
		{B2AA89B5-A40F-4A52-A7DD-DE2FB75573F3}.Release|Any CPU.ActiveCfg = Release|Any CPU
		{B2AA89B5-A40F-4A52-A7DD-DE2FB75573F3}.Release|Any CPU.Build.0 = Release|Any CPU
		{334D9F23-DFEA-4440-9548-483739F3C3A7}.Debug|Any CPU.ActiveCfg = Debug|Any CPU
		{334D9F23-DFEA-4440-9548-483739F3C3A7}.Debug|Any CPU.Build.0 = Debug|Any CPU
		{334D9F23-DFEA-4440-9548-483739F3C3A7}.Release|Any CPU.ActiveCfg = Release|Any CPU
		{334D9F23-DFEA-4440-9548-483739F3C3A7}.Release|Any CPU.Build.0 = Release|Any CPU
		{836C6D7D-6050-4F43-B871-751A9E66FB4C}.Debug|Any CPU.ActiveCfg = Debug|Any CPU
		{836C6D7D-6050-4F43-B871-751A9E66FB4C}.Debug|Any CPU.Build.0 = Debug|Any CPU
		{836C6D7D-6050-4F43-B871-751A9E66FB4C}.Release|Any CPU.ActiveCfg = Release|Any CPU
		{836C6D7D-6050-4F43-B871-751A9E66FB4C}.Release|Any CPU.Build.0 = Release|Any CPU
		{D7B40FBC-0921-4C47-8231-180FAA49ECB0}.Debug|Any CPU.ActiveCfg = Debug|Any CPU
		{D7B40FBC-0921-4C47-8231-180FAA49ECB0}.Debug|Any CPU.Build.0 = Debug|Any CPU
		{D7B40FBC-0921-4C47-8231-180FAA49ECB0}.Release|Any CPU.ActiveCfg = Release|Any CPU
		{D7B40FBC-0921-4C47-8231-180FAA49ECB0}.Release|Any CPU.Build.0 = Release|Any CPU
		{8EA3E7D8-E7D5-4247-8074-839942C08EF7}.Debug|Any CPU.ActiveCfg = Debug|Any CPU
		{8EA3E7D8-E7D5-4247-8074-839942C08EF7}.Debug|Any CPU.Build.0 = Debug|Any CPU
		{8EA3E7D8-E7D5-4247-8074-839942C08EF7}.Release|Any CPU.ActiveCfg = Release|Any CPU
		{8EA3E7D8-E7D5-4247-8074-839942C08EF7}.Release|Any CPU.Build.0 = Release|Any CPU
		{8669A110-EBDD-46F1-BB0C-AF4120299451}.Debug|Any CPU.ActiveCfg = Debug|Any CPU
		{8669A110-EBDD-46F1-BB0C-AF4120299451}.Debug|Any CPU.Build.0 = Debug|Any CPU
		{8669A110-EBDD-46F1-BB0C-AF4120299451}.Release|Any CPU.ActiveCfg = Release|Any CPU
		{8669A110-EBDD-46F1-BB0C-AF4120299451}.Release|Any CPU.Build.0 = Release|Any CPU
		{484934FE-8672-4E66-8E99-4D296F49A040}.Debug|Any CPU.ActiveCfg = Debug|Any CPU
		{484934FE-8672-4E66-8E99-4D296F49A040}.Debug|Any CPU.Build.0 = Debug|Any CPU
		{484934FE-8672-4E66-8E99-4D296F49A040}.Release|Any CPU.ActiveCfg = Release|Any CPU
		{484934FE-8672-4E66-8E99-4D296F49A040}.Release|Any CPU.Build.0 = Release|Any CPU
		{AF6AB81C-86C6-4F52-9581-A336D1C8D194}.Debug|Any CPU.ActiveCfg = Debug|Any CPU
		{AF6AB81C-86C6-4F52-9581-A336D1C8D194}.Debug|Any CPU.Build.0 = Debug|Any CPU
		{AF6AB81C-86C6-4F52-9581-A336D1C8D194}.Release|Any CPU.ActiveCfg = Release|Any CPU
		{AF6AB81C-86C6-4F52-9581-A336D1C8D194}.Release|Any CPU.Build.0 = Release|Any CPU
	EndGlobalSection
	GlobalSection(SolutionProperties) = preSolution
		HideSolutionNode = FALSE
	EndGlobalSection
	GlobalSection(NestedProjects) = preSolution
		{F890086C-A524-4B1C-900A-27ED423039F9} = {B16563C4-101C-4E33-AE19-02CEA0CF7C90}
		{A3F84ECB-3583-440E-9257-BA77C30A077B} = {B16563C4-101C-4E33-AE19-02CEA0CF7C90}
		{DFEB27BA-3ADD-4924-A3FF-DF2614C5BE6B} = {B16563C4-101C-4E33-AE19-02CEA0CF7C90}
		{76047ADB-E1F7-4BE2-AA55-DAAA38F5EA25} = {B16563C4-101C-4E33-AE19-02CEA0CF7C90}
		{EBF67C33-2FFE-441E-9F21-F641DCF1B86E} = {B16563C4-101C-4E33-AE19-02CEA0CF7C90}
		{5D87B55F-68A6-4A6B-B235-E674BC1F80F6} = {B16563C4-101C-4E33-AE19-02CEA0CF7C90}
		{1A7FA663-F5E6-4A2C-8A9B-8CBAF6F299AD} = {B16563C4-101C-4E33-AE19-02CEA0CF7C90}
		{61FAF300-22B5-409D-8D45-FB5875155DB7} = {39BD950F-C9BB-4CBF-AC91-593C223ABC8E}
		{C97ADC42-B8DC-49C4-BC98-ABC135E17F38} = {39BD950F-C9BB-4CBF-AC91-593C223ABC8E}
		{FC1F8F0C-C25A-404F-9955-7145093342C0} = {00552525-826A-4610-B0F4-C846F4AC1B3A}
		{640C9EAC-884B-496F-951A-D5BCD500E21D} = {00552525-826A-4610-B0F4-C846F4AC1B3A}
		{86509170-DB1D-4CD9-A4A1-F7EEBE7CF66A} = {4AAFE8F6-FE3F-4F57-8E4C-0F8FDB2B8582}
		{391C1901-B9EB-4452-A89C-B7D4D41914CD} = {4AAFE8F6-FE3F-4F57-8E4C-0F8FDB2B8582}
		{B2AA89B5-A40F-4A52-A7DD-DE2FB75573F3} = {00552525-826A-4610-B0F4-C846F4AC1B3A}
		{334D9F23-DFEA-4440-9548-483739F3C3A7} = {00552525-826A-4610-B0F4-C846F4AC1B3A}
		{836C6D7D-6050-4F43-B871-751A9E66FB4C} = {39BD950F-C9BB-4CBF-AC91-593C223ABC8E}
		{D7B40FBC-0921-4C47-8231-180FAA49ECB0} = {39BD950F-C9BB-4CBF-AC91-593C223ABC8E}
		{8EA3E7D8-E7D5-4247-8074-839942C08EF7} = {4AAFE8F6-FE3F-4F57-8E4C-0F8FDB2B8582}
		{8669A110-EBDD-46F1-BB0C-AF4120299451} = {9617CCC8-64DE-495E-9D04-D19ECE97F771}
		{484934FE-8672-4E66-8E99-4D296F49A040} = {9617CCC8-64DE-495E-9D04-D19ECE97F771}
		{AF6AB81C-86C6-4F52-9581-A336D1C8D194} = {9617CCC8-64DE-495E-9D04-D19ECE97F771}
	EndGlobalSection
	GlobalSection(ExtensibilityGlobals) = postSolution
		SolutionGuid = {8A98EADC-974F-4E8C-B98C-EF60EDEF1F6D}
	EndGlobalSection
EndGlobal
