
Microsoft Visual Studio Solution File, Format Version 12.00
# Visual Studio 14
VisualStudioVersion = 14.0.25420.1
MinimumVisualStudioVersion = 10.0.40219.1
Project("{FAE04EC0-301F-11D3-BF4B-00C04F79EFBC}") = "QuickSort", "QuickSort\QuickSort.csproj", "{F890086C-A524-4B1C-900A-27ED423039F9}"
EndProject
Project("{FAE04EC0-301F-11D3-BF4B-00C04F79EFBC}") = "BinarySearch", "BinarySearch\BinarySearch.csproj", "{A3F84ECB-3583-440E-9257-BA77C30A077B}"
EndProject
Project("{FAE04EC0-301F-11D3-BF4B-00C04F79EFBC}") = "SelectionSort", "SelectionSort\SelectionSort.csproj", "{DFEB27BA-3ADD-4924-A3FF-DF2614C5BE6B}"
EndProject
Project("{FAE04EC0-301F-11D3-BF4B-00C04F79EFBC}") = "InsertSort", "InsertSort\InsertSort.csproj", "{76047ADB-E1F7-4BE2-AA55-DAAA38F5EA25}"
EndProject
Project("{FAE04EC0-301F-11D3-BF4B-00C04F79EFBC}") = "MergeSort", "MergeSort\MergeSort.csproj", "{EBF67C33-2FFE-441E-9F21-F641DCF1B86E}"
EndProject
Project("{FAE04EC0-301F-11D3-BF4B-00C04F79EFBC}") = "CountingSort", "CountingSort\CountingSort.csproj", "{5D87B55F-68A6-4A6B-B235-E674BC1F80F6}"
EndProject
Project("{FAE04EC0-301F-11D3-BF4B-00C04F79EFBC}") = "RadixSort", "RadixSort\RadixSort.csproj", "{1A7FA663-F5E6-4A2C-8A9B-8CBAF6F299AD}"
EndProject
Project("{2150E333-8FDC-42A3-9474-1A3956D46DE8}") = "LinearList", "LinearList", "{B16563C4-101C-4E33-AE19-02CEA0CF7C90}"
EndProject
Project("{2150E333-8FDC-42A3-9474-1A3956D46DE8}") = "Tree", "Tree", "{39BD950F-C9BB-4CBF-AC91-593C223ABC8E}"
EndProject
Project("{2150E333-8FDC-42A3-9474-1A3956D46DE8}") = "Graph", "Graph", "{00552525-826A-4610-B0F4-C846F4AC1B3A}"
EndProject
Project("{FAE04EC0-301F-11D3-BF4B-00C04F79EFBC}") = "HeapSort", "HeapSort\HeapSort.csproj", "{61FAF300-22B5-409D-8D45-FB5875155DB7}"
EndProject
Global
	GlobalSection(SolutionConfigurationPlatforms) = preSolution
		Debug|Any CPU = Debug|Any CPU
		Release|Any CPU = Release|Any CPU
	EndGlobalSection
	GlobalSection(ProjectConfigurationPlatforms) = postSolution
		{F890086C-A524-4B1C-900A-27ED423039F9}.Debug|Any CPU.ActiveCfg = Debug|Any CPU
		{F890086C-A524-4B1C-900A-27ED423039F9}.Debug|Any CPU.Build.0 = Debug|Any CPU
		{F890086C-A524-4B1C-900A-27ED423039F9}.Release|Any CPU.ActiveCfg = Release|Any CPU
		{F890086C-A524-4B1C-900A-27ED423039F9}.Release|Any CPU.Build.0 = Release|Any CPU
		{A3F84ECB-3583-440E-9257-BA77C30A077B}.Debug|Any CPU.ActiveCfg = Debug|Any CPU
		{A3F84ECB-3583-440E-9257-BA77C30A077B}.Debug|Any CPU.Build.0 = Debug|Any CPU
		{A3F84ECB-3583-440E-9257-BA77C30A077B}.Release|Any CPU.ActiveCfg = Release|Any CPU
		{A3F84ECB-3583-440E-9257-BA77C30A077B}.Release|Any CPU.Build.0 = Release|Any CPU
		{DFEB27BA-3ADD-4924-A3FF-DF2614C5BE6B}.Debug|Any CPU.ActiveCfg = Debug|Any CPU
		{DFEB27BA-3ADD-4924-A3FF-DF2614C5BE6B}.Debug|Any CPU.Build.0 = Debug|Any CPU
		{DFEB27BA-3ADD-4924-A3FF-DF2614C5BE6B}.Release|Any CPU.ActiveCfg = Release|Any CPU
		{DFEB27BA-3ADD-4924-A3FF-DF2614C5BE6B}.Release|Any CPU.Build.0 = Release|Any CPU
		{76047ADB-E1F7-4BE2-AA55-DAAA38F5EA25}.Debug|Any CPU.ActiveCfg = Debug|Any CPU
		{76047ADB-E1F7-4BE2-AA55-DAAA38F5EA25}.Debug|Any CPU.Build.0 = Debug|Any CPU
		{76047ADB-E1F7-4BE2-AA55-DAAA38F5EA25}.Release|Any CPU.ActiveCfg = Release|Any CPU
		{76047ADB-E1F7-4BE2-AA55-DAAA38F5EA25}.Release|Any CPU.Build.0 = Release|Any CPU
		{EBF67C33-2FFE-441E-9F21-F641DCF1B86E}.Debug|Any CPU.ActiveCfg = Debug|Any CPU
		{EBF67C33-2FFE-441E-9F21-F641DCF1B86E}.Debug|Any CPU.Build.0 = Debug|Any CPU
		{EBF67C33-2FFE-441E-9F21-F641DCF1B86E}.Release|Any CPU.ActiveCfg = Release|Any CPU
		{EBF67C33-2FFE-441E-9F21-F641DCF1B86E}.Release|Any CPU.Build.0 = Release|Any CPU
		{5D87B55F-68A6-4A6B-B235-E674BC1F80F6}.Debug|Any CPU.ActiveCfg = Debug|Any CPU
		{5D87B55F-68A6-4A6B-B235-E674BC1F80F6}.Debug|Any CPU.Build.0 = Debug|Any CPU
		{5D87B55F-68A6-4A6B-B235-E674BC1F80F6}.Release|Any CPU.ActiveCfg = Release|Any CPU
		{5D87B55F-68A6-4A6B-B235-E674BC1F80F6}.Release|Any CPU.Build.0 = Release|Any CPU
		{1A7FA663-F5E6-4A2C-8A9B-8CBAF6F299AD}.Debug|Any CPU.ActiveCfg = Debug|Any CPU
		{1A7FA663-F5E6-4A2C-8A9B-8CBAF6F299AD}.Debug|Any CPU.Build.0 = Debug|Any CPU
		{1A7FA663-F5E6-4A2C-8A9B-8CBAF6F299AD}.Release|Any CPU.ActiveCfg = Release|Any CPU
		{1A7FA663-F5E6-4A2C-8A9B-8CBAF6F299AD}.Release|Any CPU.Build.0 = Release|Any CPU
		{61FAF300-22B5-409D-8D45-FB5875155DB7}.Debug|Any CPU.ActiveCfg = Debug|Any CPU
		{61FAF300-22B5-409D-8D45-FB5875155DB7}.Debug|Any CPU.Build.0 = Debug|Any CPU
		{61FAF300-22B5-409D-8D45-FB5875155DB7}.Release|Any CPU.ActiveCfg = Release|Any CPU
		{61FAF300-22B5-409D-8D45-FB5875155DB7}.Release|Any CPU.Build.0 = Release|Any CPU
	EndGlobalSection
	GlobalSection(SolutionProperties) = preSolution
		HideSolutionNode = FALSE
	EndGlobalSection
	GlobalSection(NestedProjects) = preSolution
		{F890086C-A524-4B1C-900A-27ED423039F9} = {B16563C4-101C-4E33-AE19-02CEA0CF7C90}
		{A3F84ECB-3583-440E-9257-BA77C30A077B} = {B16563C4-101C-4E33-AE19-02CEA0CF7C90}
		{DFEB27BA-3ADD-4924-A3FF-DF2614C5BE6B} = {B16563C4-101C-4E33-AE19-02CEA0CF7C90}
		{76047ADB-E1F7-4BE2-AA55-DAAA38F5EA25} = {B16563C4-101C-4E33-AE19-02CEA0CF7C90}
		{EBF67C33-2FFE-441E-9F21-F641DCF1B86E} = {B16563C4-101C-4E33-AE19-02CEA0CF7C90}
		{5D87B55F-68A6-4A6B-B235-E674BC1F80F6} = {B16563C4-101C-4E33-AE19-02CEA0CF7C90}
		{1A7FA663-F5E6-4A2C-8A9B-8CBAF6F299AD} = {B16563C4-101C-4E33-AE19-02CEA0CF7C90}
		{61FAF300-22B5-409D-8D45-FB5875155DB7} = {39BD950F-C9BB-4CBF-AC91-593C223ABC8E}
	EndGlobalSection
EndGlobal
