
Microsoft Visual Studio Solution File, Format Version 12.00
# Visual Studio 14
VisualStudioVersion = 14.0.25420.1
MinimumVisualStudioVersion = 10.0.40219.1
Project("{FAE04EC0-301F-11D3-BF4B-00C04F79EFBC}") = "QuickSort", "QuickSort\QuickSort.csproj", "{F890086C-A524-4B1C-900A-27ED423039F9}"
EndProject
Project("{FAE04EC0-301F-11D3-BF4B-00C04F79EFBC}") = "BinarySearch", "BinarySearch\BinarySearch.csproj", "{A3F84ECB-3583-440E-9257-BA77C30A077B}"
EndProject
Project("{FAE04EC0-301F-11D3-BF4B-00C04F79EFBC}") = "SelectionSort", "SelectionSort\SelectionSort.csproj", "{DFEB27BA-3ADD-4924-A3FF-DF2614C5BE6B}"
EndProject
Global
	GlobalSection(SolutionConfigurationPlatforms) = preSolution
		Debug|Any CPU = Debug|Any CPU
		Release|Any CPU = Release|Any CPU
	EndGlobalSection
	GlobalSection(ProjectConfigurationPlatforms) = postSolution
		{F890086C-A524-4B1C-900A-27ED423039F9}.Debug|Any CPU.ActiveCfg = Debug|Any CPU
		{F890086C-A524-4B1C-900A-27ED423039F9}.Debug|Any CPU.Build.0 = Debug|Any CPU
		{F890086C-A524-4B1C-900A-27ED423039F9}.Release|Any CPU.ActiveCfg = Release|Any CPU
		{F890086C-A524-4B1C-900A-27ED423039F9}.Release|Any CPU.Build.0 = Release|Any CPU
		{A3F84ECB-3583-440E-9257-BA77C30A077B}.Debug|Any CPU.ActiveCfg = Debug|Any CPU
		{A3F84ECB-3583-440E-9257-BA77C30A077B}.Debug|Any CPU.Build.0 = Debug|Any CPU
		{A3F84ECB-3583-440E-9257-BA77C30A077B}.Release|Any CPU.ActiveCfg = Release|Any CPU
		{A3F84ECB-3583-440E-9257-BA77C30A077B}.Release|Any CPU.Build.0 = Release|Any CPU
		{DFEB27BA-3ADD-4924-A3FF-DF2614C5BE6B}.Debug|Any CPU.ActiveCfg = Debug|Any CPU
		{DFEB27BA-3ADD-4924-A3FF-DF2614C5BE6B}.Debug|Any CPU.Build.0 = Debug|Any CPU
		{DFEB27BA-3ADD-4924-A3FF-DF2614C5BE6B}.Release|Any CPU.ActiveCfg = Release|Any CPU
		{DFEB27BA-3ADD-4924-A3FF-DF2614C5BE6B}.Release|Any CPU.Build.0 = Release|Any CPU
	EndGlobalSection
	GlobalSection(SolutionProperties) = preSolution
		HideSolutionNode = FALSE
	EndGlobalSection
EndGlobal
